
Microsoft Visual Studio Solution File, Format Version 12.00
# Visual Studio Version 17
VisualStudioVersion = 17.2.32516.85
MinimumVisualStudioVersion = 10.0.40219.1
Project("{8BC9CEB8-8B4A-11D0-8D11-00A0C91BC942}") = "Program14_10numbers", "Program14_10numbers.vcxproj", "{AAA8E3C4-1719-499F-B73D-6FB1847E3200}"
EndProject
Global
	GlobalSection(SolutionConfigurationPlatforms) = preSolution
		Debug|x64 = Debug|x64
		Debug|x86 = Debug|x86
		Release|x64 = Release|x64
		Release|x86 = Release|x86
	EndGlobalSection
	GlobalSection(ProjectConfigurationPlatforms) = postSolution
		{AAA8E3C4-1719-499F-B73D-6FB1847E3200}.Debug|x64.ActiveCfg = Debug|x64
		{AAA8E3C4-1719-499F-B73D-6FB1847E3200}.Debug|x64.Build.0 = Debug|x64
		{AAA8E3C4-1719-499F-B73D-6FB1847E3200}.Debug|x86.ActiveCfg = Debug|Win32
		{AAA8E3C4-1719-499F-B73D-6FB1847E3200}.Debug|x86.Build.0 = Debug|Win32
		{AAA8E3C4-1719-499F-B73D-6FB1847E3200}.Release|x64.ActiveCfg = Release|x64
		{AAA8E3C4-1719-499F-B73D-6FB1847E3200}.Release|x64.Build.0 = Release|x64
		{AAA8E3C4-1719-499F-B73D-6FB1847E3200}.Release|x86.ActiveCfg = Release|Win32
		{AAA8E3C4-1719-499F-B73D-6FB1847E3200}.Release|x86.Build.0 = Release|Win32
	EndGlobalSection
	GlobalSection(SolutionProperties) = preSolution
		HideSolutionNode = FALSE
	EndGlobalSection
	GlobalSection(ExtensibilityGlobals) = postSolution
		SolutionGuid = {7C6D8556-9277-4A32-86D6-8719C79DF1BF}
	EndGlobalSection
EndGlobal
